{
  "name": "react-native-ble-plx-mock-recorder-workspace",
  "version": "0.1.0",
  "lockfileVersion": 2,
  "requires": true,
  "packages": {
    "": {
      "name": "react-native-ble-plx-mock-recorder-workspace",
      "version": "0.1.0",
      "hasInstallScript": true,
      "license": "MIT"
    }
  }
}
